
Microsoft Visual Studio Solution File, Format Version 12.00
# Visual Studio Version 16
VisualStudioVersion = 16.0.30104.148
MinimumVisualStudioVersion = 10.0.40219.1
Project("{FAE04EC0-301F-11D3-BF4B-00C04F79EFBC}") = "Voice Recognition", "Voice Recognition\Voice Recognition.csproj", "{F20B965D-5730-4B0B-B100-45DDECA789C1}"
EndProject
Global
	GlobalSection(SolutionConfigurationPlatforms) = preSolution
		Debug|Any CPU = Debug|Any CPU
		Release|Any CPU = Release|Any CPU
	EndGlobalSection
	GlobalSection(ProjectConfigurationPlatforms) = postSolution
		{F20B965D-5730-4B0B-B100-45DDECA789C1}.Debug|Any CPU.ActiveCfg = Debug|Any CPU
		{F20B965D-5730-4B0B-B100-45DDECA789C1}.Debug|Any CPU.Build.0 = Debug|Any CPU
		{F20B965D-5730-4B0B-B100-45DDECA789C1}.Release|Any CPU.ActiveCfg = Release|Any CPU
		{F20B965D-5730-4B0B-B100-45DDECA789C1}.Release|Any CPU.Build.0 = Release|Any CPU
	EndGlobalSection
	GlobalSection(SolutionProperties) = preSolution
		HideSolutionNode = FALSE
	EndGlobalSection
	GlobalSection(ExtensibilityGlobals) = postSolution
		SolutionGuid = {44457E57-1E80-43B7-AAE0-D4B9ECBD5D78}
	EndGlobalSection
EndGlobal
